
Microsoft Visual Studio Solution File, Format Version 12.00
# Visual Studio 15
VisualStudioVersion = 15.0.28307.489
MinimumVisualStudioVersion = 10.0.40219.1
Project("{FAE04EC0-301F-11D3-BF4B-00C04F79EFBC}") = "Resource.Model", "Resource.Model\Resource.Model.csproj", "{9AEA9F31-9981-41CE-AE22-F829C747774A}"
EndProject
Project("{FAE04EC0-301F-11D3-BF4B-00C04F79EFBC}") = "Resource.Web", "Resource.Web\Resource.Web.csproj", "{AB7B5FDA-151C-46B0-811F-2BC3459E0629}"
EndProject
Global
	GlobalSection(SolutionConfigurationPlatforms) = preSolution
		Debug|Any CPU = Debug|Any CPU
		Release|Any CPU = Release|Any CPU
	EndGlobalSection
	GlobalSection(ProjectConfigurationPlatforms) = postSolution
		{9AEA9F31-9981-41CE-AE22-F829C747774A}.Debug|Any CPU.ActiveCfg = Debug|Any CPU
		{9AEA9F31-9981-41CE-AE22-F829C747774A}.Debug|Any CPU.Build.0 = Debug|Any CPU
		{9AEA9F31-9981-41CE-AE22-F829C747774A}.Release|Any CPU.ActiveCfg = Release|Any CPU
		{9AEA9F31-9981-41CE-AE22-F829C747774A}.Release|Any CPU.Build.0 = Release|Any CPU
		{AB7B5FDA-151C-46B0-811F-2BC3459E0629}.Debug|Any CPU.ActiveCfg = Debug|Any CPU
		{AB7B5FDA-151C-46B0-811F-2BC3459E0629}.Debug|Any CPU.Build.0 = Debug|Any CPU
		{AB7B5FDA-151C-46B0-811F-2BC3459E0629}.Release|Any CPU.ActiveCfg = Release|Any CPU
		{AB7B5FDA-151C-46B0-811F-2BC3459E0629}.Release|Any CPU.Build.0 = Release|Any CPU
	EndGlobalSection
	GlobalSection(SolutionProperties) = preSolution
		HideSolutionNode = FALSE
	EndGlobalSection
	GlobalSection(ExtensibilityGlobals) = postSolution
		SolutionGuid = {B9D48483-F4CE-456C-B3B2-83271C04E87E}
	EndGlobalSection
EndGlobal
