
Microsoft Visual Studio Solution File, Format Version 12.00
# Visual Studio 2013
VisualStudioVersion = 12.0.40629.0
MinimumVisualStudioVersion = 10.0.40219.1
Project("{2150E333-8FDC-42A3-9474-1A3956D46DE8}") = "Model", "Model", "{80E00A3A-62CE-4A9A-A14A-5989F449B514}"
EndProject
Project("{FAE04EC0-301F-11D3-BF4B-00C04F79EFBC}") = "Resource.Model", "Resource.Model\Resource.Model.csproj", "{9AEA9F31-9981-41CE-AE22-F829C747774A}"
EndProject
Project("{2150E333-8FDC-42A3-9474-1A3956D46DE8}") = "UI", "UI", "{B819328C-41C9-4160-B791-B371F4AF8715}"
EndProject
Project("{FAE04EC0-301F-11D3-BF4B-00C04F79EFBC}") = "Resource.Web", "Resource.Web\Resource.Web.csproj", "{AB7B5FDA-151C-46B0-811F-2BC3459E0629}"
EndProject
Project("{FAE04EC0-301F-11D3-BF4B-00C04F79EFBC}") = "Project", "Project\Project.csproj", "{B6B78951-FE58-4460-87D5-B67791CFDA47}"
EndProject
Project("{2150E333-8FDC-42A3-9474-1A3956D46DE8}") = "Service", "Service", "{73716293-B95E-4215-8FB6-6B0ADB368C69}"
EndProject
Project("{FAE04EC0-301F-11D3-BF4B-00C04F79EFBC}") = "RSAPI", "RSAPI\RSAPI.csproj", "{F7C0B686-8743-4CC3-B907-988CE1945FDB}"
EndProject
Global
	GlobalSection(SolutionConfigurationPlatforms) = preSolution
		Debug|Any CPU = Debug|Any CPU
		Release|Any CPU = Release|Any CPU
	EndGlobalSection
	GlobalSection(ProjectConfigurationPlatforms) = postSolution
		{9AEA9F31-9981-41CE-AE22-F829C747774A}.Debug|Any CPU.ActiveCfg = Debug|Any CPU
		{9AEA9F31-9981-41CE-AE22-F829C747774A}.Debug|Any CPU.Build.0 = Debug|Any CPU
		{9AEA9F31-9981-41CE-AE22-F829C747774A}.Release|Any CPU.ActiveCfg = Release|Any CPU
		{9AEA9F31-9981-41CE-AE22-F829C747774A}.Release|Any CPU.Build.0 = Release|Any CPU
		{AB7B5FDA-151C-46B0-811F-2BC3459E0629}.Debug|Any CPU.ActiveCfg = Debug|Any CPU
		{AB7B5FDA-151C-46B0-811F-2BC3459E0629}.Debug|Any CPU.Build.0 = Debug|Any CPU
		{AB7B5FDA-151C-46B0-811F-2BC3459E0629}.Release|Any CPU.ActiveCfg = Release|Any CPU
		{AB7B5FDA-151C-46B0-811F-2BC3459E0629}.Release|Any CPU.Build.0 = Release|Any CPU
		{B6B78951-FE58-4460-87D5-B67791CFDA47}.Debug|Any CPU.ActiveCfg = Debug|Any CPU
		{B6B78951-FE58-4460-87D5-B67791CFDA47}.Debug|Any CPU.Build.0 = Debug|Any CPU
		{B6B78951-FE58-4460-87D5-B67791CFDA47}.Release|Any CPU.ActiveCfg = Release|Any CPU
		{B6B78951-FE58-4460-87D5-B67791CFDA47}.Release|Any CPU.Build.0 = Release|Any CPU
		{F7C0B686-8743-4CC3-B907-988CE1945FDB}.Debug|Any CPU.ActiveCfg = Debug|Any CPU
		{F7C0B686-8743-4CC3-B907-988CE1945FDB}.Debug|Any CPU.Build.0 = Debug|Any CPU
		{F7C0B686-8743-4CC3-B907-988CE1945FDB}.Release|Any CPU.ActiveCfg = Release|Any CPU
		{F7C0B686-8743-4CC3-B907-988CE1945FDB}.Release|Any CPU.Build.0 = Release|Any CPU
	EndGlobalSection
	GlobalSection(SolutionProperties) = preSolution
		HideSolutionNode = FALSE
	EndGlobalSection
	GlobalSection(NestedProjects) = preSolution
		{9AEA9F31-9981-41CE-AE22-F829C747774A} = {80E00A3A-62CE-4A9A-A14A-5989F449B514}
		{AB7B5FDA-151C-46B0-811F-2BC3459E0629} = {B819328C-41C9-4160-B791-B371F4AF8715}
		{B6B78951-FE58-4460-87D5-B67791CFDA47} = {80E00A3A-62CE-4A9A-A14A-5989F449B514}
		{F7C0B686-8743-4CC3-B907-988CE1945FDB} = {73716293-B95E-4215-8FB6-6B0ADB368C69}
	EndGlobalSection
EndGlobal
