
Microsoft Visual Studio Solution File, Format Version 12.00
# Visual Studio 14
VisualStudioVersion = 14.0.23107.0
MinimumVisualStudioVersion = 10.0.40219.1
Project("{FAE04EC0-301F-11D3-BF4B-00C04F79EFBC}") = "ResWeb", "ResWeb\ResWeb.csproj", "{00C3975C-0BD0-4BF3-AE95-AF73589D46A1}"
EndProject
Project("{2150E333-8FDC-42A3-9474-1A3956D46DE8}") = "BLL", "BLL", "{7D93EBBD-1E94-4A56-98C3-6A1ABA9EA5C6}"
EndProject
Project("{2150E333-8FDC-42A3-9474-1A3956D46DE8}") = "DAL", "DAL", "{E69F2A04-964B-4709-B829-70F7066B9AAF}"
EndProject
Project("{2150E333-8FDC-42A3-9474-1A3956D46DE8}") = "Model", "Model", "{80E00A3A-62CE-4A9A-A14A-5989F449B514}"
EndProject
Project("{FAE04EC0-301F-11D3-BF4B-00C04F79EFBC}") = "Resource.BLL", "Resource.BLL\Resource.BLL.csproj", "{FA21F0DE-261E-4653-B0D6-CE4CF04B1F79}"
EndProject
Project("{FAE04EC0-301F-11D3-BF4B-00C04F79EFBC}") = "Resource.IBLL", "Resource.IBLL\Resource.IBLL.csproj", "{2934D4B7-12AC-484F-BA75-788ACE3F1F1F}"
EndProject
Project("{FAE04EC0-301F-11D3-BF4B-00C04F79EFBC}") = "Resource.IDAL", "Resource.IDAL\Resource.IDAL.csproj", "{A2C00BA4-9212-4439-AA2C-C1C1C005CB79}"
EndProject
Project("{FAE04EC0-301F-11D3-BF4B-00C04F79EFBC}") = "Resource.DAL", "Reource.DAL\Resource.DAL.csproj", "{F9301EB2-CFB8-4F6B-ADF9-7263258CF5C1}"
EndProject
Project("{FAE04EC0-301F-11D3-BF4B-00C04F79EFBC}") = "Resource.Model", "Resource.Model\Resource.Model.csproj", "{9AEA9F31-9981-41CE-AE22-F829C747774A}"
EndProject
Global
	GlobalSection(SolutionConfigurationPlatforms) = preSolution
		Debug|Any CPU = Debug|Any CPU
		Release|Any CPU = Release|Any CPU
	EndGlobalSection
	GlobalSection(ProjectConfigurationPlatforms) = postSolution
		{00C3975C-0BD0-4BF3-AE95-AF73589D46A1}.Debug|Any CPU.ActiveCfg = Debug|Any CPU
		{00C3975C-0BD0-4BF3-AE95-AF73589D46A1}.Debug|Any CPU.Build.0 = Debug|Any CPU
		{00C3975C-0BD0-4BF3-AE95-AF73589D46A1}.Release|Any CPU.ActiveCfg = Release|Any CPU
		{00C3975C-0BD0-4BF3-AE95-AF73589D46A1}.Release|Any CPU.Build.0 = Release|Any CPU
		{FA21F0DE-261E-4653-B0D6-CE4CF04B1F79}.Debug|Any CPU.ActiveCfg = Debug|Any CPU
		{FA21F0DE-261E-4653-B0D6-CE4CF04B1F79}.Debug|Any CPU.Build.0 = Debug|Any CPU
		{FA21F0DE-261E-4653-B0D6-CE4CF04B1F79}.Release|Any CPU.ActiveCfg = Release|Any CPU
		{FA21F0DE-261E-4653-B0D6-CE4CF04B1F79}.Release|Any CPU.Build.0 = Release|Any CPU
		{2934D4B7-12AC-484F-BA75-788ACE3F1F1F}.Debug|Any CPU.ActiveCfg = Debug|Any CPU
		{2934D4B7-12AC-484F-BA75-788ACE3F1F1F}.Debug|Any CPU.Build.0 = Debug|Any CPU
		{2934D4B7-12AC-484F-BA75-788ACE3F1F1F}.Release|Any CPU.ActiveCfg = Release|Any CPU
		{2934D4B7-12AC-484F-BA75-788ACE3F1F1F}.Release|Any CPU.Build.0 = Release|Any CPU
		{A2C00BA4-9212-4439-AA2C-C1C1C005CB79}.Debug|Any CPU.ActiveCfg = Debug|Any CPU
		{A2C00BA4-9212-4439-AA2C-C1C1C005CB79}.Debug|Any CPU.Build.0 = Debug|Any CPU
		{A2C00BA4-9212-4439-AA2C-C1C1C005CB79}.Release|Any CPU.ActiveCfg = Release|Any CPU
		{A2C00BA4-9212-4439-AA2C-C1C1C005CB79}.Release|Any CPU.Build.0 = Release|Any CPU
		{F9301EB2-CFB8-4F6B-ADF9-7263258CF5C1}.Debug|Any CPU.ActiveCfg = Debug|Any CPU
		{F9301EB2-CFB8-4F6B-ADF9-7263258CF5C1}.Debug|Any CPU.Build.0 = Debug|Any CPU
		{F9301EB2-CFB8-4F6B-ADF9-7263258CF5C1}.Release|Any CPU.ActiveCfg = Release|Any CPU
		{F9301EB2-CFB8-4F6B-ADF9-7263258CF5C1}.Release|Any CPU.Build.0 = Release|Any CPU
		{9AEA9F31-9981-41CE-AE22-F829C747774A}.Debug|Any CPU.ActiveCfg = Debug|Any CPU
		{9AEA9F31-9981-41CE-AE22-F829C747774A}.Debug|Any CPU.Build.0 = Debug|Any CPU
		{9AEA9F31-9981-41CE-AE22-F829C747774A}.Release|Any CPU.ActiveCfg = Release|Any CPU
		{9AEA9F31-9981-41CE-AE22-F829C747774A}.Release|Any CPU.Build.0 = Release|Any CPU
	EndGlobalSection
	GlobalSection(SolutionProperties) = preSolution
		HideSolutionNode = FALSE
	EndGlobalSection
	GlobalSection(NestedProjects) = preSolution
		{FA21F0DE-261E-4653-B0D6-CE4CF04B1F79} = {7D93EBBD-1E94-4A56-98C3-6A1ABA9EA5C6}
		{2934D4B7-12AC-484F-BA75-788ACE3F1F1F} = {7D93EBBD-1E94-4A56-98C3-6A1ABA9EA5C6}
		{A2C00BA4-9212-4439-AA2C-C1C1C005CB79} = {E69F2A04-964B-4709-B829-70F7066B9AAF}
		{F9301EB2-CFB8-4F6B-ADF9-7263258CF5C1} = {E69F2A04-964B-4709-B829-70F7066B9AAF}
		{9AEA9F31-9981-41CE-AE22-F829C747774A} = {80E00A3A-62CE-4A9A-A14A-5989F449B514}
	EndGlobalSection
EndGlobal
